{
  "name": "photo-mover",
  "version": "1.0.0",
  "lockfileVersion": 1,
  "requires": true,
  "dependencies": {
    "exiftool": {
      "version": "0.0.3",
      "resolved": "https://registry.npmjs.org/exiftool/-/exiftool-0.0.3.tgz",
      "integrity": "sha1-9YqSvXcnCtxU8xUc7WGko6tp1wc="
    }
  }
}
